
Microsoft Visual Studio Solution File, Format Version 11.00
# Visual Studio 2010
Project("{FAE04EC0-301F-11D3-BF4B-00C04F79EFBC}") = "CodeGarten.Data", "CodeGarten.Data\CodeGarten.Data.csproj", "{94BADD45-89F4-4D17-B970-A70C16BE768C}"
EndProject
Project("{FAE04EC0-301F-11D3-BF4B-00C04F79EFBC}") = "CodeGarten.Web", "CodeGarten.Web\CodeGarten.Web.csproj", "{83CEEE5F-216F-4427-96CB-CB42AFC8A8A1}"
EndProject
Project("{FAE04EC0-301F-11D3-BF4B-00C04F79EFBC}") = "CodeGarten.Data.Tests", "CodeGarten.Data.Tests\CodeGarten.Data.Tests.csproj", "{EE35E780-B9EE-4DD9-9194-0D693B3024EE}"
EndProject
Project("{FAE04EC0-301F-11D3-BF4B-00C04F79EFBC}") = "CodeGarten.Service", "CodeGarten.Service\CodeGarten.Service.csproj", "{52AC5E24-7D95-457F-B900-2E5AC5644490}"
EndProject
Project("{FAE04EC0-301F-11D3-BF4B-00C04F79EFBC}") = "SVN", "SVN\SVN.csproj", "{2FE0E103-3481-4DD8-A8BA-9BDF6EECA5AC}"
EndProject
Project("{FAE04EC0-301F-11D3-BF4B-00C04F79EFBC}") = "Apache", "Apache\Apache.csproj", "{06873D02-98B3-4520-920B-FB7C2A353B50}"
EndProject
Project("{FAE04EC0-301F-11D3-BF4B-00C04F79EFBC}") = "Trac", "Trac\Trac.csproj", "{5A721AB2-496B-4D54-8064-C3CD7717F10E}"
EndProject
Project("{FAE04EC0-301F-11D3-BF4B-00C04F79EFBC}") = "SVN.Tests", "SVN.Tests\SVN.Tests.csproj", "{993EEDAE-03C1-47E8-A111-38B27A40A488}"
EndProject
Global
	GlobalSection(SolutionConfigurationPlatforms) = preSolution
		Debug|Any CPU = Debug|Any CPU
		Release|Any CPU = Release|Any CPU
	EndGlobalSection
	GlobalSection(ProjectConfigurationPlatforms) = postSolution
		{94BADD45-89F4-4D17-B970-A70C16BE768C}.Debug|Any CPU.ActiveCfg = Debug|Any CPU
		{94BADD45-89F4-4D17-B970-A70C16BE768C}.Debug|Any CPU.Build.0 = Debug|Any CPU
		{94BADD45-89F4-4D17-B970-A70C16BE768C}.Release|Any CPU.ActiveCfg = Release|Any CPU
		{94BADD45-89F4-4D17-B970-A70C16BE768C}.Release|Any CPU.Build.0 = Release|Any CPU
		{83CEEE5F-216F-4427-96CB-CB42AFC8A8A1}.Debug|Any CPU.ActiveCfg = Debug|Any CPU
		{83CEEE5F-216F-4427-96CB-CB42AFC8A8A1}.Debug|Any CPU.Build.0 = Debug|Any CPU
		{83CEEE5F-216F-4427-96CB-CB42AFC8A8A1}.Release|Any CPU.ActiveCfg = Release|Any CPU
		{83CEEE5F-216F-4427-96CB-CB42AFC8A8A1}.Release|Any CPU.Build.0 = Release|Any CPU
		{EE35E780-B9EE-4DD9-9194-0D693B3024EE}.Debug|Any CPU.ActiveCfg = Debug|Any CPU
		{EE35E780-B9EE-4DD9-9194-0D693B3024EE}.Debug|Any CPU.Build.0 = Debug|Any CPU
		{EE35E780-B9EE-4DD9-9194-0D693B3024EE}.Release|Any CPU.ActiveCfg = Release|Any CPU
		{EE35E780-B9EE-4DD9-9194-0D693B3024EE}.Release|Any CPU.Build.0 = Release|Any CPU
		{52AC5E24-7D95-457F-B900-2E5AC5644490}.Debug|Any CPU.ActiveCfg = Debug|Any CPU
		{52AC5E24-7D95-457F-B900-2E5AC5644490}.Debug|Any CPU.Build.0 = Debug|Any CPU
		{52AC5E24-7D95-457F-B900-2E5AC5644490}.Release|Any CPU.ActiveCfg = Release|Any CPU
		{52AC5E24-7D95-457F-B900-2E5AC5644490}.Release|Any CPU.Build.0 = Release|Any CPU
		{2FE0E103-3481-4DD8-A8BA-9BDF6EECA5AC}.Debug|Any CPU.ActiveCfg = Debug|Any CPU
		{2FE0E103-3481-4DD8-A8BA-9BDF6EECA5AC}.Debug|Any CPU.Build.0 = Debug|Any CPU
		{2FE0E103-3481-4DD8-A8BA-9BDF6EECA5AC}.Release|Any CPU.ActiveCfg = Release|Any CPU
		{2FE0E103-3481-4DD8-A8BA-9BDF6EECA5AC}.Release|Any CPU.Build.0 = Release|Any CPU
		{06873D02-98B3-4520-920B-FB7C2A353B50}.Debug|Any CPU.ActiveCfg = Debug|Any CPU
		{06873D02-98B3-4520-920B-FB7C2A353B50}.Debug|Any CPU.Build.0 = Debug|Any CPU
		{06873D02-98B3-4520-920B-FB7C2A353B50}.Release|Any CPU.ActiveCfg = Release|Any CPU
		{06873D02-98B3-4520-920B-FB7C2A353B50}.Release|Any CPU.Build.0 = Release|Any CPU
		{5A721AB2-496B-4D54-8064-C3CD7717F10E}.Debug|Any CPU.ActiveCfg = Debug|Any CPU
		{5A721AB2-496B-4D54-8064-C3CD7717F10E}.Debug|Any CPU.Build.0 = Debug|Any CPU
		{5A721AB2-496B-4D54-8064-C3CD7717F10E}.Release|Any CPU.ActiveCfg = Release|Any CPU
		{5A721AB2-496B-4D54-8064-C3CD7717F10E}.Release|Any CPU.Build.0 = Release|Any CPU
		{993EEDAE-03C1-47E8-A111-38B27A40A488}.Debug|Any CPU.ActiveCfg = Debug|Any CPU
		{993EEDAE-03C1-47E8-A111-38B27A40A488}.Debug|Any CPU.Build.0 = Debug|Any CPU
		{993EEDAE-03C1-47E8-A111-38B27A40A488}.Release|Any CPU.ActiveCfg = Release|Any CPU
		{993EEDAE-03C1-47E8-A111-38B27A40A488}.Release|Any CPU.Build.0 = Release|Any CPU
	EndGlobalSection
	GlobalSection(SolutionProperties) = preSolution
		HideSolutionNode = FALSE
	EndGlobalSection
EndGlobal
